
Microsoft Visual Studio Solution File, Format Version 12.00
# Visual Studio Version 16
VisualStudioVersion = 16.0.28803.156
MinimumVisualStudioVersion = 10.0.40219.1
Project("{8BC9CEB8-8B4A-11D0-8D11-00A0C91BC942}") = "ReplayExtractor", "ReplayExtractor\ReplayExtractor.vcxproj", "{C6F3181A-0581-4A7A-9BC4-35E7B33D3544}"
EndProject
Global
	GlobalSection(SolutionConfigurationPlatforms) = preSolution
		Debug|x64 = Debug|x64
		Debug|x86 = Debug|x86
		Release|x64 = Release|x64
		Release|x86 = Release|x86
	EndGlobalSection
	GlobalSection(ProjectConfigurationPlatforms) = postSolution
		{C6F3181A-0581-4A7A-9BC4-35E7B33D3544}.Debug|x64.ActiveCfg = Debug|x64
		{C6F3181A-0581-4A7A-9BC4-35E7B33D3544}.Debug|x64.Build.0 = Debug|x64
		{C6F3181A-0581-4A7A-9BC4-35E7B33D3544}.Debug|x86.ActiveCfg = Debug|Win32
		{C6F3181A-0581-4A7A-9BC4-35E7B33D3544}.Debug|x86.Build.0 = Debug|Win32
		{C6F3181A-0581-4A7A-9BC4-35E7B33D3544}.Release|x64.ActiveCfg = Release|x64
		{C6F3181A-0581-4A7A-9BC4-35E7B33D3544}.Release|x64.Build.0 = Release|x64
		{C6F3181A-0581-4A7A-9BC4-35E7B33D3544}.Release|x86.ActiveCfg = Release|Win32
		{C6F3181A-0581-4A7A-9BC4-35E7B33D3544}.Release|x86.Build.0 = Release|Win32
	EndGlobalSection
	GlobalSection(SolutionProperties) = preSolution
		HideSolutionNode = FALSE
	EndGlobalSection
	GlobalSection(ExtensibilityGlobals) = postSolution
		SolutionGuid = {18D2A5E5-13EF-45E1-AE22-16EE9047016E}
	EndGlobalSection
EndGlobal
